
Microsoft Visual Studio Solution File, Format Version 12.00
# Visual Studio 15
VisualStudioVersion = 15.0.26430.4
MinimumVisualStudioVersion = 10.0.40219.1
Project("{FAE04EC0-301F-11D3-BF4B-00C04F79EFBC}") = "DataColumn", "DataColumn\DataColumn.csproj", "{BA92EF9B-8B01-4633-96EC-EFC03CE471A0}"
EndProject
Project("{FAE04EC0-301F-11D3-BF4B-00C04F79EFBC}") = "DataRow", "DataRow\DataRow.csproj", "{4254A459-DE66-4934-8655-D6BEF162C256}"
EndProject
Project("{FAE04EC0-301F-11D3-BF4B-00C04F79EFBC}") = "TableWork", "TableWork\TableWork.csproj", "{51A0D1DC-BBA6-471A-AC63-E688FD4911B9}"
EndProject
Project("{FAE04EC0-301F-11D3-BF4B-00C04F79EFBC}") = "DataSchema", "DataSchema\DataSchema.csproj", "{51EC32E3-BD13-461B-9A86-FA3F418E3581}"
EndProject
Project("{FAE04EC0-301F-11D3-BF4B-00C04F79EFBC}") = "AddTable", "AddTable\AddTable.csproj", "{3B402DD7-B0C8-48B7-97C9-6336BFA49414}"
EndProject
Global
	GlobalSection(SolutionConfigurationPlatforms) = preSolution
		Debug|Any CPU = Debug|Any CPU
		Release|Any CPU = Release|Any CPU
	EndGlobalSection
	GlobalSection(ProjectConfigurationPlatforms) = postSolution
		{BA92EF9B-8B01-4633-96EC-EFC03CE471A0}.Debug|Any CPU.ActiveCfg = Debug|Any CPU
		{BA92EF9B-8B01-4633-96EC-EFC03CE471A0}.Debug|Any CPU.Build.0 = Debug|Any CPU
		{BA92EF9B-8B01-4633-96EC-EFC03CE471A0}.Release|Any CPU.ActiveCfg = Release|Any CPU
		{BA92EF9B-8B01-4633-96EC-EFC03CE471A0}.Release|Any CPU.Build.0 = Release|Any CPU
		{4254A459-DE66-4934-8655-D6BEF162C256}.Debug|Any CPU.ActiveCfg = Debug|Any CPU
		{4254A459-DE66-4934-8655-D6BEF162C256}.Debug|Any CPU.Build.0 = Debug|Any CPU
		{4254A459-DE66-4934-8655-D6BEF162C256}.Release|Any CPU.ActiveCfg = Release|Any CPU
		{4254A459-DE66-4934-8655-D6BEF162C256}.Release|Any CPU.Build.0 = Release|Any CPU
		{51A0D1DC-BBA6-471A-AC63-E688FD4911B9}.Debug|Any CPU.ActiveCfg = Debug|Any CPU
		{51A0D1DC-BBA6-471A-AC63-E688FD4911B9}.Debug|Any CPU.Build.0 = Debug|Any CPU
		{51A0D1DC-BBA6-471A-AC63-E688FD4911B9}.Release|Any CPU.ActiveCfg = Release|Any CPU
		{51A0D1DC-BBA6-471A-AC63-E688FD4911B9}.Release|Any CPU.Build.0 = Release|Any CPU
		{51EC32E3-BD13-461B-9A86-FA3F418E3581}.Debug|Any CPU.ActiveCfg = Debug|Any CPU
		{51EC32E3-BD13-461B-9A86-FA3F418E3581}.Debug|Any CPU.Build.0 = Debug|Any CPU
		{51EC32E3-BD13-461B-9A86-FA3F418E3581}.Release|Any CPU.ActiveCfg = Release|Any CPU
		{51EC32E3-BD13-461B-9A86-FA3F418E3581}.Release|Any CPU.Build.0 = Release|Any CPU
		{3B402DD7-B0C8-48B7-97C9-6336BFA49414}.Debug|Any CPU.ActiveCfg = Debug|Any CPU
		{3B402DD7-B0C8-48B7-97C9-6336BFA49414}.Debug|Any CPU.Build.0 = Debug|Any CPU
		{3B402DD7-B0C8-48B7-97C9-6336BFA49414}.Release|Any CPU.ActiveCfg = Release|Any CPU
		{3B402DD7-B0C8-48B7-97C9-6336BFA49414}.Release|Any CPU.Build.0 = Release|Any CPU
	EndGlobalSection
	GlobalSection(SolutionProperties) = preSolution
		HideSolutionNode = FALSE
	EndGlobalSection
EndGlobal
