
Microsoft Visual Studio Solution File, Format Version 12.00
# Visual Studio 15
VisualStudioVersion = 15.0.26403.7
MinimumVisualStudioVersion = 10.0.40219.1
Project("{FAE04EC0-301F-11D3-BF4B-00C04F79EFBC}") = "Command", "Command\Command.csproj", "{409615D3-8FE1-43DF-BFE8-36E203FA9FB9}"
EndProject
Project("{FAE04EC0-301F-11D3-BF4B-00C04F79EFBC}") = "ExecuteCommand", "ExecuteCommand\ExecuteCommand.csproj", "{65D014FE-119E-4C46-8B4E-A2FF51FA0E6C}"
EndProject
Project("{FAE04EC0-301F-11D3-BF4B-00C04F79EFBC}") = "InsertDelete", "InsertDelete\InsertDelete.csproj", "{60D6A6A0-DEB6-48E9-9364-7C3AF3C563B1}"
EndProject
Project("{FAE04EC0-301F-11D3-BF4B-00C04F79EFBC}") = "ExecuteTable", "ExecuteTable\ExecuteTable.csproj", "{623E82EE-C525-442A-81C1-E48D1CA711E5}"
EndProject
Project("{FAE04EC0-301F-11D3-BF4B-00C04F79EFBC}") = "ReaderWork01", "ReaderWork01\ReaderWork01.csproj", "{F5E078EB-5A6C-41B5-928B-33E7C31544BB}"
EndProject
Project("{FAE04EC0-301F-11D3-BF4B-00C04F79EFBC}") = "RaederWork02", "RaederWork02\RaederWork02.csproj", "{A14CDA54-C146-471C-B07D-91A0BDD7749C}"
EndProject
Project("{FAE04EC0-301F-11D3-BF4B-00C04F79EFBC}") = "ExecuteAsync", "ExecuteAsync\ExecuteAsync.csproj", "{E0EDD68D-963C-4ED5-B36B-667B10065B83}"
EndProject
Global
	GlobalSection(SolutionConfigurationPlatforms) = preSolution
		Debug|Any CPU = Debug|Any CPU
		Release|Any CPU = Release|Any CPU
	EndGlobalSection
	GlobalSection(ProjectConfigurationPlatforms) = postSolution
		{409615D3-8FE1-43DF-BFE8-36E203FA9FB9}.Debug|Any CPU.ActiveCfg = Debug|Any CPU
		{409615D3-8FE1-43DF-BFE8-36E203FA9FB9}.Debug|Any CPU.Build.0 = Debug|Any CPU
		{409615D3-8FE1-43DF-BFE8-36E203FA9FB9}.Release|Any CPU.ActiveCfg = Release|Any CPU
		{409615D3-8FE1-43DF-BFE8-36E203FA9FB9}.Release|Any CPU.Build.0 = Release|Any CPU
		{65D014FE-119E-4C46-8B4E-A2FF51FA0E6C}.Debug|Any CPU.ActiveCfg = Debug|Any CPU
		{65D014FE-119E-4C46-8B4E-A2FF51FA0E6C}.Debug|Any CPU.Build.0 = Debug|Any CPU
		{65D014FE-119E-4C46-8B4E-A2FF51FA0E6C}.Release|Any CPU.ActiveCfg = Release|Any CPU
		{65D014FE-119E-4C46-8B4E-A2FF51FA0E6C}.Release|Any CPU.Build.0 = Release|Any CPU
		{60D6A6A0-DEB6-48E9-9364-7C3AF3C563B1}.Debug|Any CPU.ActiveCfg = Debug|Any CPU
		{60D6A6A0-DEB6-48E9-9364-7C3AF3C563B1}.Debug|Any CPU.Build.0 = Debug|Any CPU
		{60D6A6A0-DEB6-48E9-9364-7C3AF3C563B1}.Release|Any CPU.ActiveCfg = Release|Any CPU
		{60D6A6A0-DEB6-48E9-9364-7C3AF3C563B1}.Release|Any CPU.Build.0 = Release|Any CPU
		{623E82EE-C525-442A-81C1-E48D1CA711E5}.Debug|Any CPU.ActiveCfg = Debug|Any CPU
		{623E82EE-C525-442A-81C1-E48D1CA711E5}.Debug|Any CPU.Build.0 = Debug|Any CPU
		{623E82EE-C525-442A-81C1-E48D1CA711E5}.Release|Any CPU.ActiveCfg = Release|Any CPU
		{623E82EE-C525-442A-81C1-E48D1CA711E5}.Release|Any CPU.Build.0 = Release|Any CPU
		{F5E078EB-5A6C-41B5-928B-33E7C31544BB}.Debug|Any CPU.ActiveCfg = Debug|Any CPU
		{F5E078EB-5A6C-41B5-928B-33E7C31544BB}.Debug|Any CPU.Build.0 = Debug|Any CPU
		{F5E078EB-5A6C-41B5-928B-33E7C31544BB}.Release|Any CPU.ActiveCfg = Release|Any CPU
		{F5E078EB-5A6C-41B5-928B-33E7C31544BB}.Release|Any CPU.Build.0 = Release|Any CPU
		{A14CDA54-C146-471C-B07D-91A0BDD7749C}.Debug|Any CPU.ActiveCfg = Debug|Any CPU
		{A14CDA54-C146-471C-B07D-91A0BDD7749C}.Debug|Any CPU.Build.0 = Debug|Any CPU
		{A14CDA54-C146-471C-B07D-91A0BDD7749C}.Release|Any CPU.ActiveCfg = Release|Any CPU
		{A14CDA54-C146-471C-B07D-91A0BDD7749C}.Release|Any CPU.Build.0 = Release|Any CPU
		{E0EDD68D-963C-4ED5-B36B-667B10065B83}.Debug|Any CPU.ActiveCfg = Debug|Any CPU
		{E0EDD68D-963C-4ED5-B36B-667B10065B83}.Debug|Any CPU.Build.0 = Debug|Any CPU
		{E0EDD68D-963C-4ED5-B36B-667B10065B83}.Release|Any CPU.ActiveCfg = Release|Any CPU
		{E0EDD68D-963C-4ED5-B36B-667B10065B83}.Release|Any CPU.Build.0 = Release|Any CPU
	EndGlobalSection
	GlobalSection(SolutionProperties) = preSolution
		HideSolutionNode = FALSE
	EndGlobalSection
EndGlobal
