
Microsoft Visual Studio Solution File, Format Version 12.00
# Visual Studio 15
VisualStudioVersion = 15.0.26430.4
MinimumVisualStudioVersion = 10.0.40219.1
Project("{FAE04EC0-301F-11D3-BF4B-00C04F79EFBC}") = "ReadonlyAndALlownull", "Readonly\ReadonlyAndALlownull.csproj", "{582E60D1-5BEB-4125-81F5-1D5DE47CEE0D}"
EndProject
Project("{FAE04EC0-301F-11D3-BF4B-00C04F79EFBC}") = "maxlengt and unique", "maxlengt and unique\maxlengt and unique.csproj", "{DC87E556-47D6-40A0-A0CC-8246549E335F}"
EndProject
Project("{FAE04EC0-301F-11D3-BF4B-00C04F79EFBC}") = "TableExtentions", "TableExtentions\TableExtentions.csproj", "{0568E39E-BAF4-4240-8D13-7FC77199B79A}"
EndProject
Project("{FAE04EC0-301F-11D3-BF4B-00C04F79EFBC}") = "PrimaryKey", "PrimaryKey\PrimaryKey.csproj", "{444BD641-9E4A-4984-A3DE-237641293D5F}"
EndProject
Global
	GlobalSection(SolutionConfigurationPlatforms) = preSolution
		Debug|Any CPU = Debug|Any CPU
		Release|Any CPU = Release|Any CPU
	EndGlobalSection
	GlobalSection(ProjectConfigurationPlatforms) = postSolution
		{582E60D1-5BEB-4125-81F5-1D5DE47CEE0D}.Debug|Any CPU.ActiveCfg = Debug|Any CPU
		{582E60D1-5BEB-4125-81F5-1D5DE47CEE0D}.Debug|Any CPU.Build.0 = Debug|Any CPU
		{582E60D1-5BEB-4125-81F5-1D5DE47CEE0D}.Release|Any CPU.ActiveCfg = Release|Any CPU
		{582E60D1-5BEB-4125-81F5-1D5DE47CEE0D}.Release|Any CPU.Build.0 = Release|Any CPU
		{DC87E556-47D6-40A0-A0CC-8246549E335F}.Debug|Any CPU.ActiveCfg = Debug|Any CPU
		{DC87E556-47D6-40A0-A0CC-8246549E335F}.Debug|Any CPU.Build.0 = Debug|Any CPU
		{DC87E556-47D6-40A0-A0CC-8246549E335F}.Release|Any CPU.ActiveCfg = Release|Any CPU
		{DC87E556-47D6-40A0-A0CC-8246549E335F}.Release|Any CPU.Build.0 = Release|Any CPU
		{0568E39E-BAF4-4240-8D13-7FC77199B79A}.Debug|Any CPU.ActiveCfg = Debug|Any CPU
		{0568E39E-BAF4-4240-8D13-7FC77199B79A}.Debug|Any CPU.Build.0 = Debug|Any CPU
		{0568E39E-BAF4-4240-8D13-7FC77199B79A}.Release|Any CPU.ActiveCfg = Release|Any CPU
		{0568E39E-BAF4-4240-8D13-7FC77199B79A}.Release|Any CPU.Build.0 = Release|Any CPU
		{444BD641-9E4A-4984-A3DE-237641293D5F}.Debug|Any CPU.ActiveCfg = Debug|Any CPU
		{444BD641-9E4A-4984-A3DE-237641293D5F}.Debug|Any CPU.Build.0 = Debug|Any CPU
		{444BD641-9E4A-4984-A3DE-237641293D5F}.Release|Any CPU.ActiveCfg = Release|Any CPU
		{444BD641-9E4A-4984-A3DE-237641293D5F}.Release|Any CPU.Build.0 = Release|Any CPU
	EndGlobalSection
	GlobalSection(SolutionProperties) = preSolution
		HideSolutionNode = FALSE
	EndGlobalSection
EndGlobal
