
Microsoft Visual Studio Solution File, Format Version 12.00
# Visual Studio 14
VisualStudioVersion = 14.0.25420.1
MinimumVisualStudioVersion = 10.0.40219.1
Project("{FAE04EC0-301F-11D3-BF4B-00C04F79EFBC}") = "AdoNet", "AdoNet\AdoNet.csproj", "{12B44AC6-FC6E-414C-B733-B039397F9D93}"
EndProject
Project("{00D1A9C2-B5F0-4AF3-8072-F6C62B433612}") = "Database", "Database\Database.sqlproj", "{FC01C5D4-CC86-4068-A746-9C0AAB716860}"
EndProject
Global
	GlobalSection(SolutionConfigurationPlatforms) = preSolution
		Debug|Any CPU = Debug|Any CPU
		Release|Any CPU = Release|Any CPU
	EndGlobalSection
	GlobalSection(ProjectConfigurationPlatforms) = postSolution
		{12B44AC6-FC6E-414C-B733-B039397F9D93}.Debug|Any CPU.ActiveCfg = Debug|Any CPU
		{12B44AC6-FC6E-414C-B733-B039397F9D93}.Debug|Any CPU.Build.0 = Debug|Any CPU
		{12B44AC6-FC6E-414C-B733-B039397F9D93}.Release|Any CPU.ActiveCfg = Release|Any CPU
		{12B44AC6-FC6E-414C-B733-B039397F9D93}.Release|Any CPU.Build.0 = Release|Any CPU
		{FC01C5D4-CC86-4068-A746-9C0AAB716860}.Debug|Any CPU.ActiveCfg = Debug|Any CPU
		{FC01C5D4-CC86-4068-A746-9C0AAB716860}.Debug|Any CPU.Build.0 = Debug|Any CPU
		{FC01C5D4-CC86-4068-A746-9C0AAB716860}.Debug|Any CPU.Deploy.0 = Debug|Any CPU
		{FC01C5D4-CC86-4068-A746-9C0AAB716860}.Release|Any CPU.ActiveCfg = Release|Any CPU
		{FC01C5D4-CC86-4068-A746-9C0AAB716860}.Release|Any CPU.Build.0 = Release|Any CPU
		{FC01C5D4-CC86-4068-A746-9C0AAB716860}.Release|Any CPU.Deploy.0 = Release|Any CPU
	EndGlobalSection
	GlobalSection(SolutionProperties) = preSolution
		HideSolutionNode = FALSE
	EndGlobalSection
EndGlobal
